
Microsoft Visual Studio Solution File, Format Version 12.00
# Visual Studio Version 17
VisualStudioVersion = 17.8.34316.72
MinimumVisualStudioVersion = 10.0.40219.1
Project("{FAE04EC0-301F-11D3-BF4B-00C04F79EFBC}") = "EncuestasAPIU3_4", "EncuestasAPIU3_4\EncuestasAPIU3_4.csproj", "{FC2D8B6A-14C4-4573-86C1-224BDD212472}"
EndProject
Global
	GlobalSection(SolutionConfigurationPlatforms) = preSolution
		Debug|Any CPU = Debug|Any CPU
		Release|Any CPU = Release|Any CPU
	EndGlobalSection
	GlobalSection(ProjectConfigurationPlatforms) = postSolution
		{FC2D8B6A-14C4-4573-86C1-224BDD212472}.Debug|Any CPU.ActiveCfg = Debug|Any CPU
		{FC2D8B6A-14C4-4573-86C1-224BDD212472}.Debug|Any CPU.Build.0 = Debug|Any CPU
		{FC2D8B6A-14C4-4573-86C1-224BDD212472}.Release|Any CPU.ActiveCfg = Release|Any CPU
		{FC2D8B6A-14C4-4573-86C1-224BDD212472}.Release|Any CPU.Build.0 = Release|Any CPU
	EndGlobalSection
	GlobalSection(SolutionProperties) = preSolution
		HideSolutionNode = FALSE
	EndGlobalSection
	GlobalSection(ExtensibilityGlobals) = postSolution
		SolutionGuid = {89000481-B794-4436-8341-7A25D028A268}
	EndGlobalSection
EndGlobal
